schema_version: 1
resource_pack_version: 0.1.0
installed_at: '2026-05-29T20:26:06Z'
profile: strict
resources:
- id: agents.root
  target: AGENTS.md
  installed_checksum: 9d4ff5416311831c2e3154a57b9b71948595f32a6041a0427dc0475c93acf9f4
  source_checksum: 9d4ff5416311831c2e3154a57b9b71948595f32a6041a0427dc0475c93acf9f4
  status: installed
  installed_at: '2026-05-29T20:26:06Z'
- id: config.default
  target: .cx/config.yaml
  installed_checksum: 768fc6e2c3a0d47f863491338b9d0385f37c32b5243225d2f8d1c93b2a16a089
  source_checksum: 7157e2eef2c641f2590bb9bc21513de85cca2cf41d80aafdd037d02b2e432205
  status: installed
  installed_at: '2026-05-29T20:26:06Z'
- id: doc.README
  target: docs/agent/README.md
  installed_checksum: d1792164409d4157105dddaf9fe4951b08fdde4aea76208bfa98d00baf16f29c
  source_checksum: d1792164409d4157105dddaf9fe4951b08fdde4aea76208bfa98d00baf16f29c
  status: installed
  installed_at: '2026-05-29T20:26:06Z'
- id: doc.blueprints
  target: docs/agent/blueprints.md
  installed_checksum: 8e6424712c5f551cb3834d57184f40a226b38d2022c9e62f7a283bf44be27a69
  source_checksum: 8e6424712c5f551cb3834d57184f40a226b38d2022c9e62f7a283bf44be27a69
  status: installed
  installed_at: '2026-05-29T20:26:06Z'
- id: doc.ci_analysis
  target: docs/agent/ci_analysis.md
  installed_checksum: f20da3bbd70becdd272cb9350f99a5f65da753ea48c5dd63a5d9ec79ee5c81e9
  source_checksum: f20da3bbd70becdd272cb9350f99a5f65da753ea48c5dd63a5d9ec79ee5c81e9
  status: installed
  installed_at: '2026-05-29T20:26:06Z'
- id: doc.code_review
  target: docs/agent/code_review.md
  installed_checksum: 38f716a89b0700c14d23806360442ad8cdbacc9125f400f733226a78e4a82b85
  source_checksum: 38f716a89b0700c14d23806360442ad8cdbacc9125f400f733226a78e4a82b85
  status: installed
  installed_at: '2026-05-29T20:26:06Z'
- id: doc.docs_policy
  target: docs/agent/docs_policy.md
  installed_checksum: 416975daa4014f9de074bab621508b9f34c466b45d5cd405cac2bcc6e6242622
  source_checksum: 416975daa4014f9de074bab621508b9f34c466b45d5cd405cac2bcc6e6242622
  status: installed
  installed_at: '2026-05-29T20:26:06Z'
- id: doc.init
  target: docs/agent/init.md
  installed_checksum: c8a65b5c549198d36e9045985168aa512cda0042d9ee7fb6ad08f98ba602ba0c
  source_checksum: c8a65b5c549198d36e9045985168aa512cda0042d9ee7fb6ad08f98ba602ba0c
  status: installed
  installed_at: '2026-05-29T20:26:06Z'
- id: doc.packaging
  target: docs/agent/packaging.md
  installed_checksum: fb73cea8e638441571ce0e7643d8f2ce832e9652e48be0d7386a9d977fc74c14
  source_checksum: fb73cea8e638441571ce0e7643d8f2ce832e9652e48be0d7386a9d977fc74c14
  status: installed
  installed_at: '2026-05-29T20:26:06Z'
- id: doc.project_kickoff
  target: docs/agent/project_kickoff.md
  installed_checksum: d8c7f4c3562f3f6ea8694dfebaea38a1ebb54f85a931d22ed255454460206492
  source_checksum: d8c7f4c3562f3f6ea8694dfebaea38a1ebb54f85a931d22ed255454460206492
  status: installed
  installed_at: '2026-05-29T20:26:06Z'
- id: doc.resource_sync
  target: docs/agent/resource_sync.md
  installed_checksum: 78a6e2fc71fef5150a6b868d78b8d6d88e2422cc8b3fc1f113e6a766ec40808c
  source_checksum: 78a6e2fc71fef5150a6b868d78b8d6d88e2422cc8b3fc1f113e6a766ec40808c
  status: installed
  installed_at: '2026-05-29T20:26:06Z'
- id: doc.skills
  target: docs/agent/skills.md
  installed_checksum: b29394cc85400c0f2abe647ffa15247ec687b9df270b9ee14e29fa4a762d6202
  source_checksum: b29394cc85400c0f2abe647ffa15247ec687b9df270b9ee14e29fa4a762d6202
  status: installed
  installed_at: '2026-05-29T20:26:06Z'
- id: doc.testing
  target: docs/agent/testing.md
  installed_checksum: 8de16310642fe594757b4ecd6dbc47e3142b11e6addaa9d5deecf25b873b471a
  source_checksum: 8de16310642fe594757b4ecd6dbc47e3142b11e6addaa9d5deecf25b873b471a
  status: installed
  installed_at: '2026-05-29T20:26:06Z'
- id: policy.boundary
  target: .cx/policies/boundary.yaml
  installed_checksum: b17aefc547fa4ae9955bdbb421fde95712b32e10798cfb9393c8632ba205de66
  source_checksum: b17aefc547fa4ae9955bdbb421fde95712b32e10798cfb9393c8632ba205de66
  status: installed
  installed_at: '2026-05-29T20:26:06Z'
- id: policy.default
  target: .cx/policies/default.yaml
  installed_checksum: 087f611ac318ea9307edb9fbb5ca7bcaa635bd92734cde5a4e626374d0f91453
  source_checksum: 087f611ac318ea9307edb9fbb5ca7bcaa635bd92734cde5a4e626374d0f91453
  status: installed
  installed_at: '2026-05-29T20:26:06Z'
- id: policy.docs_policy
  target: .cx/policies/docs_policy.yaml
  installed_checksum: f5dcf8079cf176ee6549993bc49d3ce0e482a92281884bc954c4352a6928d521
  source_checksum: f5dcf8079cf176ee6549993bc49d3ce0e482a92281884bc954c4352a6928d521
  status: installed
  installed_at: '2026-05-29T20:26:06Z'
- id: policy.github_policy
  target: .cx/policies/github_policy.yaml
  installed_checksum: 7b30b63a134217e1ff1a325651a36d9f4c1fc1c6f7bb17aa7264be324c349841
  source_checksum: 7b30b63a134217e1ff1a325651a36d9f4c1fc1c6f7bb17aa7264be324c349841
  status: installed
  installed_at: '2026-05-29T20:26:06Z'
- id: policy.intents
  target: .cx/policies/intents.yaml
  installed_checksum: 125a88ffaf9a5eb864196c5f6a3490c933ab0b65db67da77fbcff55a18160d39
  source_checksum: 125a88ffaf9a5eb864196c5f6a3490c933ab0b65db67da77fbcff55a18160d39
  status: installed
  installed_at: '2026-05-29T20:26:06Z'
- id: policy.tests_policy
  target: .cx/policies/tests_policy.yaml
  installed_checksum: 2623c0725390fdf836d0bfdd2d7e21998fbcab6753cbaa3be915b0bcbd16e9d4
  source_checksum: 2623c0725390fdf836d0bfdd2d7e21998fbcab6753cbaa3be915b0bcbd16e9d4
  status: installed
  installed_at: '2026-05-29T20:26:06Z'
- id: prompt.README
  target: .cx/prompts/README.md
  installed_checksum: e68ba2ca26e2a77d90dda31fda29fe8f64af6d79da21ec7cd891cb59b58b2079
  source_checksum: e68ba2ca26e2a77d90dda31fda29fe8f64af6d79da21ec7cd891cb59b58b2079
  status: installed
  installed_at: '2026-05-29T20:26:06Z'
- id: prompt.base
  target: .cx/prompts/base.md
  installed_checksum: 845617e0c51471fc8245a2181bfb5ef03596d8108735d7283d16a655dcdfff28
  source_checksum: 845617e0c51471fc8245a2181bfb5ef03596d8108735d7283d16a655dcdfff28
  status: installed
  installed_at: '2026-05-29T20:26:06Z'
- id: prompt.bug_fix
  target: .cx/prompts/bug_fix.md
  installed_checksum: 31b725a8c23b96156676dbfbace3c666aa936f6e814f6d97981c09f2ea8ac2aa
  source_checksum: 31b725a8c23b96156676dbfbace3c666aa936f6e814f6d97981c09f2ea8ac2aa
  status: installed
  installed_at: '2026-05-29T20:26:06Z'
- id: prompt.ci_analyze
  target: .cx/prompts/ci_analyze.md
  installed_checksum: 33eff814bed7a8cf3dddee08b62e4d6ef26f71ba84d2662d19c343afcaa22b1d
  source_checksum: 33eff814bed7a8cf3dddee08b62e4d6ef26f71ba84d2662d19c343afcaa22b1d
  status: installed
  installed_at: '2026-05-29T20:26:06Z'
- id: prompt.ci_failure
  target: .cx/prompts/ci_failure.md
  installed_checksum: 0719a74a3333ea3c4c73d383b56da0a49c87fb22c849ded50c8428ad9adc4a90
  source_checksum: 0719a74a3333ea3c4c73d383b56da0a49c87fb22c849ded50c8428ad9adc4a90
  status: installed
  installed_at: '2026-05-29T20:26:06Z'
- id: prompt.codebase_map
  target: .cx/prompts/codebase_map.md
  installed_checksum: 4c0511cab55f076009272a63b53faca2ff4a6a052cd466e3ae9c98a7cba91527
  source_checksum: 4c0511cab55f076009272a63b53faca2ff4a6a052cd466e3ae9c98a7cba91527
  status: installed
  installed_at: '2026-05-29T20:26:06Z'
- id: prompt.dependency_upgrade
  target: .cx/prompts/dependency_upgrade.md
  installed_checksum: 2ba9f41e9f33576ea4d5bf852fd2bc27f7256e4d34406bff85ee5573e40b642c
  source_checksum: 2ba9f41e9f33576ea4d5bf852fd2bc27f7256e4d34406bff85ee5573e40b642c
  status: installed
  installed_at: '2026-05-29T20:26:06Z'
- id: prompt.diff_review
  target: .cx/prompts/diff_review.md
  installed_checksum: 0c144c7049bb33288adf939b13253e9c0a06322a1b98a2be08aad27bf11e9a81
  source_checksum: 0c144c7049bb33288adf939b13253e9c0a06322a1b98a2be08aad27bf11e9a81
  status: installed
  installed_at: '2026-05-29T20:26:06Z'
- id: prompt.docs_update
  target: .cx/prompts/docs_update.md
  installed_checksum: 8cf69cf56b3316e280ddecde62ec68b44b9fdd017cb13400606417aa6374854c
  source_checksum: 8cf69cf56b3316e280ddecde62ec68b44b9fdd017cb13400606417aa6374854c
  status: installed
  installed_at: '2026-05-29T20:26:06Z'
- id: prompt.feature
  target: .cx/prompts/feature.md
  installed_checksum: 2058e1a9b9463c056093bc5a1ed0747fdc2118ebb47e065254e5f89a8c5cf6af
  source_checksum: 2058e1a9b9463c056093bc5a1ed0747fdc2118ebb47e065254e5f89a8c5cf6af
  status: installed
  installed_at: '2026-05-29T20:26:06Z'
- id: prompt.fix_ci
  target: .cx/prompts/fix_ci.md
  installed_checksum: 619ea2836c213241b86770ce301140598e5b8ce5bdd48fc7e37e0194088f7317
  source_checksum: 619ea2836c213241b86770ce301140598e5b8ce5bdd48fc7e37e0194088f7317
  status: installed
  installed_at: '2026-05-29T20:26:06Z'
- id: prompt.pr_body
  target: .cx/prompts/pr_body.md
  installed_checksum: 52ffd7f710ec1cc959c65bd10a0189a290bbb6cf5b151631bc00bd968eacd604
  source_checksum: 52ffd7f710ec1cc959c65bd10a0189a290bbb6cf5b151631bc00bd968eacd604
  status: installed
  installed_at: '2026-05-29T20:26:06Z'
- id: prompt.pr_review
  target: .cx/prompts/pr_review.md
  installed_checksum: 04af2ced6ce47335bfff8e10651b2a11665eaf4b9e30139f4e51b29c7958464c
  source_checksum: 04af2ced6ce47335bfff8e10651b2a11665eaf4b9e30139f4e51b29c7958464c
  status: installed
  installed_at: '2026-05-29T20:26:06Z'
- id: prompt.pr_review_flow
  target: .cx/prompts/pr_review_flow.md
  installed_checksum: 0649d0ee70c786ba0db5adb7edfbe0afefff8567ff5242ed035d3703d2756cba
  source_checksum: 0649d0ee70c786ba0db5adb7edfbe0afefff8567ff5242ed035d3703d2756cba
  status: installed
  installed_at: '2026-05-29T20:26:06Z'
- id: prompt.refactor
  target: .cx/prompts/refactor.md
  installed_checksum: 475438b7f15879b0d843a6ded809163a0dbecd258500bc9fa85981d87205a83a
  source_checksum: 475438b7f15879b0d843a6ded809163a0dbecd258500bc9fa85981d87205a83a
  status: installed
  installed_at: '2026-05-29T20:26:06Z'
- id: prompt.test_writer
  target: .cx/prompts/test_writer.md
  installed_checksum: 67b5ebed6ed0ad1a199699c44216afbac0a5d1413069f954b017d04339a56794
  source_checksum: 67b5ebed6ed0ad1a199699c44216afbac0a5d1413069f954b017d04339a56794
  status: installed
  installed_at: '2026-05-29T20:26:06Z'
- id: skill.bug-fix-minimal
  target: .agents/skills/bug-fix-minimal/SKILL.md
  installed_checksum: ef457d4830025c803f6c54a225d34c76a21d76bc65f6fc230b36f905a8bfdac0
  source_checksum: ef457d4830025c803f6c54a225d34c76a21d76bc65f6fc230b36f905a8bfdac0
  status: installed
  installed_at: '2026-05-29T20:26:06Z'
- id: skill.ci-failure-debugger
  target: .agents/skills/ci-failure-debugger/SKILL.md
  installed_checksum: b0eb7ed4605dc9d85778aaf91fdd2c13dffa38190f07f71e8314c2f70c90d502
  source_checksum: b0eb7ed4605dc9d85778aaf91fdd2c13dffa38190f07f71e8314c2f70c90d502
  status: installed
  installed_at: '2026-05-29T20:26:06Z'
- id: skill.codebase-map
  target: .agents/skills/codebase-map/SKILL.md
  installed_checksum: 33579d60d5a591640868862dc1ca52e732e57fa28d024354b3fca29f33257548
  source_checksum: 33579d60d5a591640868862dc1ca52e732e57fa28d024354b3fca29f33257548
  status: installed
  installed_at: '2026-05-29T20:26:06Z'
- id: skill.dependency-upgrade
  target: .agents/skills/dependency-upgrade/SKILL.md
  installed_checksum: 17a3833131a7d3be32a7d4b09d44154cac4e2c8453be614d71903bc4e6b7edfa
  source_checksum: 17a3833131a7d3be32a7d4b09d44154cac4e2c8453be614d71903bc4e6b7edfa
  status: installed
  installed_at: '2026-05-29T20:26:06Z'
- id: skill.docs-update
  target: .agents/skills/docs-update/SKILL.md
  installed_checksum: 19d248f559e2e3f089075700fc6c9f59cf8be39183814da16b77710571b243aa
  source_checksum: 19d248f559e2e3f089075700fc6c9f59cf8be39183814da16b77710571b243aa
  status: installed
  installed_at: '2026-05-29T20:26:06Z'
- id: skill.feature-implementation
  target: .agents/skills/feature-implementation/SKILL.md
  installed_checksum: 6e39f00bad1cacf3c9480e000eb1b5bdacaa23f44616dca3382fef32798fafb9
  source_checksum: 6e39f00bad1cacf3c9480e000eb1b5bdacaa23f44616dca3382fef32798fafb9
  status: installed
  installed_at: '2026-05-29T20:26:06Z'
- id: skill.pr-risk-review
  target: .agents/skills/pr-risk-review/SKILL.md
  installed_checksum: c64dd234039c8f56de488a632c0d4ba3c0996ad2477a243ce61f663528bf3e9a
  source_checksum: c64dd234039c8f56de488a632c0d4ba3c0996ad2477a243ce61f663528bf3e9a
  status: installed
  installed_at: '2026-05-29T20:26:06Z'
- id: skill.release-notes
  target: .agents/skills/release-notes/SKILL.md
  installed_checksum: 225311b67225af708effbe352c9a3acc174f211d4c88ec24e1af65a43dc15b17
  source_checksum: 225311b67225af708effbe352c9a3acc174f211d4c88ec24e1af65a43dc15b17
  status: installed
  installed_at: '2026-05-29T20:26:06Z'
- id: skill.safe-refactor
  target: .agents/skills/safe-refactor/SKILL.md
  installed_checksum: 80243e8e98b89c052f6da1688a2b05fc32d9107fd4450b0881534430dfb01d1a
  source_checksum: 80243e8e98b89c052f6da1688a2b05fc32d9107fd4450b0881534430dfb01d1a
  status: installed
  installed_at: '2026-05-29T20:26:06Z'
- id: skill.test-writer
  target: .agents/skills/test-writer/SKILL.md
  installed_checksum: a511ea8a367024d8ddb19798557a3ae9bc904f072190ad77a90bf973b851d454
  source_checksum: a511ea8a367024d8ddb19798557a3ae9bc904f072190ad77a90bf973b851d454
  status: installed
  installed_at: '2026-05-29T20:26:06Z'
